// !$*UTF8*$!
{archiveVersion = 1; classes = {}; objectVersion = 56; objects = {
DAF76E20989C6912E88628C0 = { isa = PBXFileReference; lastKnownFileType = sourcecode.swift; path = "../native-candidate/WrestlingManagerRemoteCardReader.swift"; sourceTree = "<group>"; };
3B01122240566105E7D165B6 = { isa = PBXBuildFile; fileRef = DAF76E20989C6912E88628C0; };
072E6D593517BF35DB22CDBA = { isa = PBXFileReference; lastKnownFileType = sourcecode.swift; path = "NFC/WrestlingManagerNFCWritePlan.swift"; sourceTree = "<group>"; };
BC4E3A019B58B1B3A4ABEE1B = { isa = PBXBuildFile; fileRef = 072E6D593517BF35DB22CDBA; };
18442173656E73C04E69D038 = { isa = PBXFileReference; lastKnownFileType = sourcecode.swift; path = "NFC/WrestlingManagerBluetoothNFC.swift"; sourceTree = "<group>"; };
B81BA921D69847BF4EE3F8DD = { isa = PBXBuildFile; fileRef = 18442173656E73C04E69D038; };
05DCE55FB4E6F45FC9106D1F = { isa = PBXFileReference; lastKnownFileType = sourcecode.swift; path = "NFC/WrestlingManagerACRProtocol.swift"; sourceTree = "<group>"; };
E8410D519162616C63B6063E = { isa = PBXBuildFile; fileRef = 05DCE55FB4E6F45FC9106D1F; };
365102F052365D68F9868996 = { isa = PBXFileReference; lastKnownFileType = sourcecode.swift; path = "App/RemoteScaleCheckApp.swift"; sourceTree = "<group>"; };
BC2262FB7489E5EA292E946F = { isa = PBXBuildFile; fileRef = 365102F052365D68F9868996; };
81C4E41A59202B397FA03281 = { isa = PBXFileReference; lastKnownFileType = sourcecode.swift; path = "../native-candidate/WrestlingManagerRemoteCapture.swift"; sourceTree = "<group>"; };
D319BCDB0733D7893C86BA13 = { isa = PBXBuildFile; fileRef = 81C4E41A59202B397FA03281; };
2C092261CD0B9157EFCB3832 = { isa = PBXFileReference; lastKnownFileType = sourcecode.swift; path = "../native-candidate/WrestlingManagerRemotePhoto.swift"; sourceTree = "<group>"; };
8845D5351D212850AB2920AA = { isa = PBXBuildFile; fileRef = 2C092261CD0B9157EFCB3832; };
E5A051C4831FEAF9871DB842 = { isa = PBXFileReference; lastKnownFileType = sourcecode.swift; path = "../native-candidate/WrestlingManagerRemoteReadiness.swift"; sourceTree = "<group>"; };
F0B3690BFEC645D0D38AA4FB = { isa = PBXBuildFile; fileRef = E5A051C4831FEAF9871DB842; };
D210013CEEC1DD2354965743 = { isa = PBXFileReference; lastKnownFileType = sourcecode.swift; path = "../native-candidate/WrestlingManagerRemoteDeviceCheck.swift"; sourceTree = "<group>"; };
12FF788C8B84FE91E8124662 = { isa = PBXBuildFile; fileRef = D210013CEEC1DD2354965743; };
96ED5C5789B174A01557791C = { isa = PBXFileReference; lastKnownFileType = text.xml; path = App/PrivacyInfo.xcprivacy; sourceTree = "<group>"; };
07B760A8663938679E1BD8F1 = { isa = PBXBuildFile; fileRef = 96ED5C5789B174A01557791C; };
7D1043473D55BFA90E8530D3 = { isa = PBXFileReference; explicitFileType = wrapper.application; includeInIndex = 0; path = RemoteScaleCheck.app; sourceTree = BUILT_PRODUCTS_DIR; };
FBDC4F23F93125BBEEAE800C = { isa = PBXGroup; children = (7D1043473D55BFA90E8530D3,); name = Products; sourceTree = "<group>"; };
64292B1C2B2E13EAD8788FC8 = { isa = PBXGroup; children = (DAF76E20989C6912E88628C0,072E6D593517BF35DB22CDBA,18442173656E73C04E69D038,05DCE55FB4E6F45FC9106D1F,365102F052365D68F9868996,81C4E41A59202B397FA03281,2C092261CD0B9157EFCB3832,E5A051C4831FEAF9871DB842,D210013CEEC1DD2354965743,96ED5C5789B174A01557791C,FBDC4F23F93125BBEEAE800C,); sourceTree = "<group>"; };
BCE16DD0260827ECF338C787 = { isa = PBXSourcesBuildPhase; buildActionMask = 2147483647; files = (3B01122240566105E7D165B6,BC4E3A019B58B1B3A4ABEE1B,B81BA921D69847BF4EE3F8DD,E8410D519162616C63B6063E,BC2262FB7489E5EA292E946F,D319BCDB0733D7893C86BA13,8845D5351D212850AB2920AA,F0B3690BFEC645D0D38AA4FB,12FF788C8B84FE91E8124662,); runOnlyForDeploymentPostprocessing = 0; };
0189424A5A60FED329FA868E = { isa = PBXResourcesBuildPhase; buildActionMask = 2147483647; files = (07B760A8663938679E1BD8F1,); runOnlyForDeploymentPostprocessing = 0; };
582681C2EAE02B3F3D399C0C = { isa = XCLocalSwiftPackageReference; relativePath = AmericanScaleKit; };
E55A8CC6397119BC2F346606 = { isa = XCSwiftPackageProductDependency; package = 582681C2EAE02B3F3D399C0C; productName = AmericanScaleKit; };
ED5515BE9EC5C2E8DC76B514 = { isa = PBXBuildFile; productRef = E55A8CC6397119BC2F346606; };
7561BFB015D8F536760CB671 = { isa = PBXFrameworksBuildPhase; buildActionMask = 2147483647; files = (ED5515BE9EC5C2E8DC76B514,); runOnlyForDeploymentPostprocessing = 0; };
7082CC0B6FC1282FCEABD07A = { isa = XCBuildConfiguration; buildSettings = { CODE_SIGN_STYLE = Automatic; DEVELOPMENT_TEAM = RGB5BL98V8; PRODUCT_BUNDLE_IDENTIFIER = com.damonmele.wrestlingmanager.remotescalecheck;
 PRODUCT_NAME = "$(TARGET_NAME)"; GENERATE_INFOPLIST_FILE = YES; INFOPLIST_KEY_CFBundleDisplayName = "Remote Scale Check";
 INFOPLIST_KEY_NSCameraUsageDescription = "Take temporary setup and test weigh-in photos showing the athlete and scale. Test photos stay in memory and are discarded.";
 INFOPLIST_KEY_NSBluetoothAlwaysUsageDescription = "Connect to your American Scale and NFC reader for this local weigh-in test.";
 INFOPLIST_KEY_UILaunchScreen_Generation = YES; INFOPLIST_KEY_UIApplicationSceneManifest_Generation = YES;
 INFOPLIST_KEY_UISupportedInterfaceOrientations = "UIInterfaceOrientationPortrait UIInterfaceOrientationLandscapeLeft UIInterfaceOrientationLandscapeRight";
 INFOPLIST_KEY_UISupportedInterfaceOrientations_iPad = "UIInterfaceOrientationPortrait UIInterfaceOrientationPortraitUpsideDown UIInterfaceOrientationLandscapeLeft UIInterfaceOrientationLandscapeRight";
 IPHONEOS_DEPLOYMENT_TARGET = 17.6; SDKROOT = iphoneos; SUPPORTED_PLATFORMS = "iphoneos iphonesimulator"; TARGETED_DEVICE_FAMILY = "1,2";
 SWIFT_VERSION = 5.0; SWIFT_DEFAULT_ACTOR_ISOLATION = MainActor; SWIFT_APPROACHABLE_CONCURRENCY = YES; ENABLE_USER_SCRIPT_SANDBOXING = YES;
 CURRENT_PROJECT_VERSION = 6; MARKETING_VERSION = 0.6; LD_RUNPATH_SEARCH_PATHS = "$(inherited) @executable_path/Frameworks"; SWIFT_ACTIVE_COMPILATION_CONDITIONS = "DEBUG $(inherited)"; SWIFT_OPTIMIZATION_LEVEL = "-Onone"; ONLY_ACTIVE_ARCH = YES; }; name = Debug; };
89E1FD6268CC0F221A2BE178 = { isa = XCBuildConfiguration; buildSettings = { CLANG_ENABLE_MODULES = YES; CLANG_ENABLE_OBJC_ARC = YES; }; name = Debug; };
639A7CA24D39909E713B47F7 = { isa = XCBuildConfiguration; buildSettings = { CODE_SIGN_STYLE = Automatic; DEVELOPMENT_TEAM = RGB5BL98V8; PRODUCT_BUNDLE_IDENTIFIER = com.damonmele.wrestlingmanager.remotescalecheck;
 PRODUCT_NAME = "$(TARGET_NAME)"; GENERATE_INFOPLIST_FILE = YES; INFOPLIST_KEY_CFBundleDisplayName = "Remote Scale Check";
 INFOPLIST_KEY_NSCameraUsageDescription = "Take temporary setup and test weigh-in photos showing the athlete and scale. Test photos stay in memory and are discarded.";
 INFOPLIST_KEY_NSBluetoothAlwaysUsageDescription = "Connect to your American Scale and NFC reader for this local weigh-in test.";
 INFOPLIST_KEY_UILaunchScreen_Generation = YES; INFOPLIST_KEY_UIApplicationSceneManifest_Generation = YES;
 INFOPLIST_KEY_UISupportedInterfaceOrientations = "UIInterfaceOrientationPortrait UIInterfaceOrientationLandscapeLeft UIInterfaceOrientationLandscapeRight";
 INFOPLIST_KEY_UISupportedInterfaceOrientations_iPad = "UIInterfaceOrientationPortrait UIInterfaceOrientationPortraitUpsideDown UIInterfaceOrientationLandscapeLeft UIInterfaceOrientationLandscapeRight";
 IPHONEOS_DEPLOYMENT_TARGET = 17.6; SDKROOT = iphoneos; SUPPORTED_PLATFORMS = "iphoneos iphonesimulator"; TARGETED_DEVICE_FAMILY = "1,2";
 SWIFT_VERSION = 5.0; SWIFT_DEFAULT_ACTOR_ISOLATION = MainActor; SWIFT_APPROACHABLE_CONCURRENCY = YES; ENABLE_USER_SCRIPT_SANDBOXING = YES;
 CURRENT_PROJECT_VERSION = 6; MARKETING_VERSION = 0.6; LD_RUNPATH_SEARCH_PATHS = "$(inherited) @executable_path/Frameworks"; SWIFT_COMPILATION_MODE = wholemodule; SWIFT_OPTIMIZATION_LEVEL = "-O"; }; name = Release; };
E6DE6C99132752C914FEF632 = { isa = XCBuildConfiguration; buildSettings = { CLANG_ENABLE_MODULES = YES; CLANG_ENABLE_OBJC_ARC = YES; }; name = Release; };
651ECA092BE81738918D8CDB = { isa = XCConfigurationList; buildConfigurations = (7082CC0B6FC1282FCEABD07A,639A7CA24D39909E713B47F7,); defaultConfigurationIsVisible = 0; defaultConfigurationName = Debug; };
F8C70E4123C9AE82C42562CC = { isa = XCConfigurationList; buildConfigurations = (89E1FD6268CC0F221A2BE178,E6DE6C99132752C914FEF632,); defaultConfigurationIsVisible = 0; defaultConfigurationName = Debug; };
0E8A3AD980EC179856012B7E = { isa = PBXNativeTarget; buildConfigurationList = 651ECA092BE81738918D8CDB; buildPhases = (BCE16DD0260827ECF338C787,7561BFB015D8F536760CB671,0189424A5A60FED329FA868E,); buildRules = (); dependencies = (); name = RemoteScaleCheck; productName = RemoteScaleCheck; productReference = 7D1043473D55BFA90E8530D3; productType = "com.apple.product-type.application"; packageProductDependencies = (E55A8CC6397119BC2F346606,); };
98F54143AB4E86B28C3AFEE0 = { isa = PBXProject; attributes = { LastUpgradeCheck = 2630; }; buildConfigurationList = F8C70E4123C9AE82C42562CC; compatibilityVersion = "Xcode 14.0"; developmentRegion = en; knownRegions = (en,Base,); mainGroup = 64292B1C2B2E13EAD8788FC8; productRefGroup = FBDC4F23F93125BBEEAE800C; projectDirPath = ""; projectRoot = ""; targets = (0E8A3AD980EC179856012B7E,); packageReferences = (582681C2EAE02B3F3D399C0C,); };
}; rootObject = 98F54143AB4E86B28C3AFEE0;}
